
Microsoft Visual Studio Solution File, Format Version 11.00
# Visual Studio 2010
Project("{FAE04EC0-301F-11D3-BF4B-00C04F79EFBC}") = "gerenciamento-de-tarefas", "gerenciamento-de-tarefas.csproj", "{A5074A1C-005D-4195-AD38-797DFECD5D28}"
EndProject
Project("{FAE04EC0-301F-11D3-BF4B-00C04F79EFBC}") = "WebTasks.Core", "WebTasks.Core\WebTasks.Core.csproj", "{859350E1-80EB-44C1-BC66-09498BBD1EBA}"
EndProject
Project("{FAE04EC0-301F-11D3-BF4B-00C04F79EFBC}") = "WebTasks.Data", "WebTasks.Data\WebTasks.Data.csproj", "{B759FE09-6571-4970-90AD-830EB1885C44}"
EndProject
Global
	GlobalSection(SolutionConfigurationPlatforms) = preSolution
		Debug|Any CPU = Debug|Any CPU
		Release|Any CPU = Release|Any CPU
	EndGlobalSection
	GlobalSection(ProjectConfigurationPlatforms) = postSolution
		{859350E1-80EB-44C1-BC66-09498BBD1EBA}.Debug|Any CPU.ActiveCfg = Debug|Any CPU
		{859350E1-80EB-44C1-BC66-09498BBD1EBA}.Debug|Any CPU.Build.0 = Debug|Any CPU
		{859350E1-80EB-44C1-BC66-09498BBD1EBA}.Release|Any CPU.ActiveCfg = Release|Any CPU
		{859350E1-80EB-44C1-BC66-09498BBD1EBA}.Release|Any CPU.Build.0 = Release|Any CPU
		{A5074A1C-005D-4195-AD38-797DFECD5D28}.Debug|Any CPU.ActiveCfg = Debug|Any CPU
		{A5074A1C-005D-4195-AD38-797DFECD5D28}.Debug|Any CPU.Build.0 = Debug|Any CPU
		{A5074A1C-005D-4195-AD38-797DFECD5D28}.Release|Any CPU.ActiveCfg = Release|Any CPU
		{A5074A1C-005D-4195-AD38-797DFECD5D28}.Release|Any CPU.Build.0 = Release|Any CPU
		{B759FE09-6571-4970-90AD-830EB1885C44}.Debug|Any CPU.ActiveCfg = Debug|Any CPU
		{B759FE09-6571-4970-90AD-830EB1885C44}.Debug|Any CPU.Build.0 = Debug|Any CPU
		{B759FE09-6571-4970-90AD-830EB1885C44}.Release|Any CPU.ActiveCfg = Release|Any CPU
		{B759FE09-6571-4970-90AD-830EB1885C44}.Release|Any CPU.Build.0 = Release|Any CPU
	EndGlobalSection
	GlobalSection(MonoDevelopProperties) = preSolution
		StartupItem = gerenciamento-de-tarefas.csproj
	EndGlobalSection
EndGlobal
